// !$*UTF8*$!
{
	archiveVersion = 1;
	classes = {
	};
	objectVersion = 46;
	objects = {

/* Begin PBXBuildFile section */
		60748B0D17099D1A007C89D5 /* UIKit.framework in Frameworks */ = {isa = PBXBuildFile; fileRef = 60748B0C17099D1A007C89D5 /* UIKit.framework */; };
		60748B0F17099D1A007C89D5 /* Foundation.framework in Frameworks */ = {isa = PBXBuildFile; fileRef = 60748B0E17099D1A007C89D5 /* Foundation.framework */; };
		60748B1117099D1A007C89D5 /* CoreGraphics.framework in Frameworks */ = {isa = PBXBuildFile; fileRef = 60748B1017099D1A007C89D5 /* CoreGraphics.framework */; };
		60748B1717099D1A007C89D5 /* InfoPlist.strings in Resources */ = {isa = PBXBuildFile; fileRef = 60748B1517099D1A007C89D5 /* InfoPlist.strings */; };
		60748B1917099D1A007C89D5 /* main.m in Sources */ = {isa = PBXBuildFile; fileRef = 60748B1817099D1A007C89D5 /* main.m */; };
		60748B1D17099D1B007C89D5 /* AppDelegate.m in Sources */ = {isa = PBXBuildFile; fileRef = 60748B1C17099D1B007C89D5 /* AppDelegate.m */; };
		60748B1F17099D1B007C89D5 /* Default.png in Resources */ = {isa = PBXBuildFile; fileRef = 60748B1E17099D1B007C89D5 /* Default.png */; };
		60748B2117099D1B007C89D5 /* Default@2x.png in Resources */ = {isa = PBXBuildFile; fileRef = 60748B2017099D1B007C89D5 /* Default@2x.png */; };
		60748B2317099D1B007C89D5 /* Default-568h@2x.png in Resources */ = {isa = PBXBuildFile; fileRef = 60748B2217099D1B007C89D5 /* Default-568h@2x.png */; };
		60748B2617099D1C007C89D5 /* MainStoryboard_iPhone.storyboard in Resources */ = {isa = PBXBuildFile; fileRef = 60748B2417099D1C007C89D5 /* MainStoryboard_iPhone.storyboard */; };
		60748B2C17099D1C007C89D5 /* ViewController.m in Sources */ = {isa = PBXBuildFile; fileRef = 60748B2B17099D1C007C89D5 /* ViewController.m */; };
/* End PBXBuildFile section */

/* Begin PBXFileReference section */
		60748B0917099D1A007C89D5 /* UIAlertViewSample.app */ = {isa = PBXFileReference; explicitFileType = wrapper.application; includeInIndex = 0; path = UIAlertViewSample.app; sourceTree = BUILT_PRODUCTS_DIR; };
		60748B0C17099D1A007C89D5 /* UIKit.framework */ = {isa = PBXFileReference; lastKnownFileType = wrapper.framework; name = UIKit.framework; path = System/Library/Frameworks/UIKit.framework; sourceTree = SDKROOT; };
		60748B0E17099D1A007C89D5 /* Foundation.framework */ = {isa = PBXFileReference; lastKnownFileType = wrapper.framework; name = Foundation.framework; path = System/Library/Frameworks/Foundation.framework; sourceTree = SDKROOT; };
		60748B1017099D1A007C89D5 /* CoreGraphics.framework */ = {isa = PBXFileReference; lastKnownFileType = wrapper.framework; name = CoreGraphics.framework; path = System/Library/Frameworks/CoreGraphics.framework; sourceTree = SDKROOT; };
		60748B1417099D1A007C89D5 /* UIAlertViewSample-Info.plist */ = {isa = PBXFileReference; lastKnownFileType = text.plist.xml; path = "UIAlertViewSample-Info.plist"; sourceTree = "<group>"; };
		60748B1617099D1A007C89D5 /* en */ = {isa = PBXFileReference; lastKnownFileType = text.plist.strings; name = en; path = en.lproj/InfoPlist.strings; sourceTree = "<group>"; };
		60748B1817099D1A007C89D5 /* main.m */ = {isa = PBXFileReference; lastKnownFileType = sourcecode.c.objc; path = main.m; sourceTree = "<group>"; };
		60748B1A17099D1A007C89D5 /* UIAlertViewSample-Prefix.pch */ = {isa = PBXFileReference; lastKnownFileType = sourcecode.c.h; path = "UIAlertViewSample-Prefix.pch"; sourceTree = "<group>"; };
		60748B1B17099D1B007C89D5 /* AppDelegate.h */ = {isa = PBXFileReference; lastKnownFileType = sourcecode.c.h; path = AppDelegate.h; sourceTree = "<group>"; };
		60748B1C17099D1B007C89D5 /* AppDelegate.m */ = {isa = PBXFileReference; lastKnownFileType = sourcecode.c.objc; path = AppDelegate.m; sourceTree = "<group>"; };
		60748B1E17099D1B007C89D5 /* Default.png */ = {isa = PBXFileReference; lastKnownFileType = image.png; path = Default.png; sourceTree = "<group>"; };
		60748B2017099D1B007C89D5 /* Default@2x.png */ = {isa = PBXFileReference; lastKnownFileType = image.png; path = "Default@2x.png"; sourceTree = "<group>"; };
		60748B2217099D1B007C89D5 /* Default-568h@2x.png */ = {isa = PBXFileReference; lastKnownFileType = image.png; path = "Default-568h@2x.png"; sourceTree = "<group>"; };
		60748B2517099D1C007C89D5 /* en */ = {isa = PBXFileReference; lastKnownFileType = file.storyboard; name = en; path = en.lproj/MainStoryboard_iPhone.storyboard; sourceTree = "<group>"; };
		60748B2A17099D1C007C89D5 /* ViewController.h */ = {isa = PBXFileReference; lastKnownFileType = sourcecode.c.h; path = ViewController.h; sourceTree = "<group>"; };
		60748B2B17099D1C007C89D5 /* ViewController.m */ = {isa = PBXFileReference; lastKnownFileType = sourcecode.c.objc; path = ViewController.m; sourceTree = "<group>"; };
/* End PBXFileReference section */

/* Begin PBXFrameworksBuildPhase section */
		60748B0617099D1A007C89D5 /* Frameworks */ = {
			isa = PBXFrameworksBuildPhase;
			buildActionMask = 2147483647;
			files = (
				60748B0D17099D1A007C89D5 /* UIKit.framework in Frameworks */,
				60748B0F17099D1A007C89D5 /* Foundation.framework in Frameworks */,
				60748B1117099D1A007C89D5 /* CoreGraphics.framework in Frameworks */,
			);
			runOnlyForDeploymentPostprocessing = 0;
		};
/* End PBXFrameworksBuildPhase section */

/* Begin PBXGroup section */
		60748B0017099D19007C89D5 = {
			isa = PBXGroup;
			children = (
				60748B1217099D1A007C89D5 /* UIAlertViewSample */,
				60748B0B17099D1A007C89D5 /* Frameworks */,
				60748B0A17099D1A007C89D5 /* Products */,
			);
			sourceTree = "<group>";
		};
		60748B0A17099D1A007C89D5 /* Products */ = {
			isa = PBXGroup;
			children = (
				60748B0917099D1A007C89D5 /* UIAlertViewSample.app */,
			);
			name = Products;
			sourceTree = "<group>";
		};
		60748B0B17099D1A007C89D5 /* Frameworks */ = {
			isa = PBXGroup;
			children = (
				60748B0C17099D1A007C89D5 /* UIKit.framework */,
				60748B0E17099D1A007C89D5 /* Foundation.framework */,
				60748B1017099D1A007C89D5 /* CoreGraphics.framework */,
			);
			name = Frameworks;
			sourceTree = "<group>";
		};
		60748B1217099D1A007C89D5 /* UIAlertViewSample */ = {
			isa = PBXGroup;
			children = (
				60748B1B17099D1B007C89D5 /* AppDelegate.h */,
				60748B1C17099D1B007C89D5 /* AppDelegate.m */,
				60748B2417099D1C007C89D5 /* MainStoryboard_iPhone.storyboard */,
				60748B2A17099D1C007C89D5 /* ViewController.h */,
				60748B2B17099D1C007C89D5 /* ViewController.m */,
				60748B1317099D1A007C89D5 /* Supporting Files */,
			);
			path = UIAlertViewSample;
			sourceTree = "<group>";
		};
		60748B1317099D1A007C89D5 /* Supporting Files */ = {
			isa = PBXGroup;
			children = (
				60748B1417099D1A007C89D5 /* UIAlertViewSample-Info.plist */,
				60748B1517099D1A007C89D5 /* InfoPlist.strings */,
				60748B1817099D1A007C89D5 /* main.m */,
				60748B1A17099D1A007C89D5 /* UIAlertViewSample-Prefix.pch */,
				60748B1E17099D1B007C89D5 /* Default.png */,
				60748B2017099D1B007C89D5 /* Default@2x.png */,
				60748B2217099D1B007C89D5 /* Default-568h@2x.png */,
			);
			name = "Supporting Files";
			sourceTree = "<group>";
		};
/* End PBXGroup section */

/* Begin PBXNativeTarget section */
		60748B0817099D1A007C89D5 /* UIAlertViewSample */ = {
			isa = PBXNativeTarget;
			buildConfigurationList = 60748B2F17099D1C007C89D5 /* Build configuration list for PBXNativeTarget "UIAlertViewSample" */;
			buildPhases = (
				60748B0517099D1A007C89D5 /* Sources */,
				60748B0617099D1A007C89D5 /* Frameworks */,
				60748B0717099D1A007C89D5 /* Resources */,
			);
			buildRules = (
			);
			dependencies = (
			);
			name = UIAlertViewSample;
			productName = UIAlertViewSample;
			productReference = 60748B0917099D1A007C89D5 /* UIAlertViewSample.app */;
			productType = "com.apple.product-type.application";
		};
/* End PBXNativeTarget section */

/* Begin PBXProject section */
		60748B0117099D19007C89D5 /* Project object */ = {
			isa = PBXProject;
			attributes = {
				LastUpgradeCheck = 0460;
				ORGANIZATIONNAME = Dolice;
			};
			buildConfigurationList = 60748B0417099D19007C89D5 /* Build configuration list for PBXProject "UIAlertViewSample" */;
			compatibilityVersion = "Xcode 3.2";
			developmentRegion = English;
			hasScannedForEncodings = 0;
			knownRegions = (
				en,
			);
			mainGroup = 60748B0017099D19007C89D5;
			productRefGroup = 60748B0A17099D1A007C89D5 /* Products */;
			projectDirPath = "";
			projectRoot = "";
			targets = (
				60748B0817099D1A007C89D5 /* UIAlertViewSample */,
			);
		};
/* End PBXProject section */

/* Begin PBXResourcesBuildPhase section */
		60748B0717099D1A007C89D5 /* Resources */ = {
			isa = PBXResourcesBuildPhase;
			buildActionMask = 2147483647;
			files = (
				60748B1717099D1A007C89D5 /* InfoPlist.strings in Resources */,
				60748B1F17099D1B007C89D5 /* Default.png in Resources */,
				60748B2117099D1B007C89D5 /* Default@2x.png in Resources */,
				60748B2317099D1B007C89D5 /* Default-568h@2x.png in Resources */,
				60748B2617099D1C007C89D5 /* MainStoryboard_iPhone.storyboard in Resources */,
			);
			runOnlyForDeploymentPostprocessing = 0;
		};
/* End PBXResourcesBuildPhase section */

/* Begin PBXSourcesBuildPhase section */
		60748B0517099D1A007C89D5 /* Sources */ = {
			isa = PBXSourcesBuildPhase;
			buildActionMask = 2147483647;
			files = (
				60748B1917099D1A007C89D5 /* main.m in Sources */,
				60748B1D17099D1B007C89D5 /* AppDelegate.m in Sources */,
				60748B2C17099D1C007C89D5 /* ViewController.m in Sources */,
			);
			runOnlyForDeploymentPostprocessing = 0;
		};
/* End PBXSourcesBuildPhase section */

/* Begin PBXVariantGroup section */
		60748B1517099D1A007C89D5 /* InfoPlist.strings */ = {
			isa = PBXVariantGroup;
			children = (
				60748B1617099D1A007C89D5 /* en */,
			);
			name = InfoPlist.strings;
			sourceTree = "<group>";
		};
		60748B2417099D1C007C89D5 /* MainStoryboard_iPhone.storyboard */ = {
			isa = PBXVariantGroup;
			children = (
				60748B2517099D1C007C89D5 /* en */,
			);
			name = MainStoryboard_iPhone.storyboard;
			sourceTree = "<group>";
		};
/* End PBXVariantGroup section */

/* Begin XCBuildConfiguration section */
		60748B2D17099D1C007C89D5 /* Debug */ = {
			isa = XCBuildConfiguration;
			buildSettings = {
				ALWAYS_SEARCH_USER_PATHS = NO;
				CLANG_CXX_LANGUAGE_STANDARD = "gnu++0x";
				CLANG_CXX_LIBRARY = "libc++";
				CLANG_ENABLE_OBJC_ARC = YES;
				CLANG_WARN_CONSTANT_CONVERSION = YES;
				CLANG_WARN_EMPTY_BODY = YES;
				CLANG_WARN_ENUM_CONVERSION = YES;
				CLANG_WARN_INT_CONVERSION = YES;
				CLANG_WARN__DUPLICATE_METHOD_MATCH = YES;
				"CODE_SIGN_IDENTITY[sdk=iphoneos*]" = "iPhone Developer";
				COPY_PHASE_STRIP = NO;
				GCC_C_LANGUAGE_STANDARD = gnu99;
				GCC_DYNAMIC_NO_PIC = NO;
				GCC_OPTIMIZATION_LEVEL = 0;
				GCC_PREPROCESSOR_DEFINITIONS = (
					"DEBUG=1",
					"$(inherited)",
				);
				GCC_SYMBOLS_PRIVATE_EXTERN = NO;
				GCC_WARN_ABOUT_RETURN_TYPE = YES;
				GCC_WARN_UNINITIALIZED_AUTOS = YES;
				GCC_WARN_UNUSED_VARIABLE = YES;
				IPHONEOS_DEPLOYMENT_TARGET = 6.1;
				ONLY_ACTIVE_ARCH = YES;
				SDKROOT = iphoneos;
				TARGETED_DEVICE_FAMILY = "1,2";
			};
			name = Debug;
		};
		60748B2E17099D1C007C89D5 /* Release */ = {
			isa = XCBuildConfiguration;
			buildSettings = {
				ALWAYS_SEARCH_USER_PATHS = NO;
				CLANG_CXX_LANGUAGE_STANDARD = "gnu++0x";
				CLANG_CXX_LIBRARY = "libc++";
				CLANG_ENABLE_OBJC_ARC = YES;
				CLANG_WARN_CONSTANT_CONVERSION = YES;
				CLANG_WARN_EMPTY_BODY = YES;
				CLANG_WARN_ENUM_CONVERSION = YES;
				CLANG_WARN_INT_CONVERSION = YES;
				CLANG_WARN__DUPLICATE_METHOD_MATCH = YES;
				"CODE_SIGN_IDENTITY[sdk=iphoneos*]" = "iPhone Developer";
				COPY_PHASE_STRIP = YES;
				GCC_C_LANGUAGE_STANDARD = gnu99;
				GCC_WARN_ABOUT_RETURN_TYPE = YES;
				GCC_WARN_UNINITIALIZED_AUTOS = YES;
				GCC_WARN_UNUSED_VARIABLE = YES;
				IPHONEOS_DEPLOYMENT_TARGET = 6.1;
				OTHER_CFLAGS = "-DNS_BLOCK_ASSERTIONS=1";
				SDKROOT = iphoneos;
				TARGETED_DEVICE_FAMILY = "1,2";
				VALIDATE_PRODUCT = YES;
			};
			name = Release;
		};
		60748B3017099D1C007C89D5 /* Debug */ = {
			isa = XCBuildConfiguration;
			buildSettings = {
				GCC_PRECOMPILE_PREFIX_HEADER = YES;
				GCC_PREFIX_HEADER = "UIAlertViewSample/UIAlertViewSample-Prefix.pch";
				INFOPLIST_FILE = "UIAlertViewSample/UIAlertViewSample-Info.plist";
				PRODUCT_NAME = "$(TARGET_NAME)";
				WRAPPER_EXTENSION = app;
			};
			name = Debug;
		};
		60748B3117099D1C007C89D5 /* Release */ = {
			isa = XCBuildConfiguration;
			buildSettings = {
				GCC_PRECOMPILE_PREFIX_HEADER = YES;
				GCC_PREFIX_HEADER = "UIAlertViewSample/UIAlertViewSample-Prefix.pch";
				INFOPLIST_FILE = "UIAlertViewSample/UIAlertViewSample-Info.plist";
				PRODUCT_NAME = "$(TARGET_NAME)";
				WRAPPER_EXTENSION = app;
			};
			name = Release;
		};
/* End XCBuildConfiguration section */

/* Begin XCConfigurationList section */
		60748B0417099D19007C89D5 /* Build configuration list for PBXProject "UIAlertViewSample" */ = {
			isa = XCConfigurationList;
			buildConfigurations = (
				60748B2D17099D1C007C89D5 /* Debug */,
				60748B2E17099D1C007C89D5 /* Release */,
			);
			defaultConfigurationIsVisible = 0;
			defaultConfigurationName = Release;
		};
		60748B2F17099D1C007C89D5 /* Build configuration list for PBXNativeTarget "UIAlertViewSample" */ = {
			isa = XCConfigurationList;
			buildConfigurations = (
				60748B3017099D1C007C89D5 /* Debug */,
				60748B3117099D1C007C89D5 /* Release */,
			);
			defaultConfigurationIsVisible = 0;
		};
/* End XCConfigurationList section */
	};
	rootObject = 60748B0117099D19007C89D5 /* Project object */;
}
